// !$*UTF8*$!
{
	archiveVersion = 1;
	classes = {
	};
	objectVersion = 50;
	objects = {

/* Begin PBXBuildFile section */
		C7E4E3F226CEA54200C0CD2A /* AppDelegate.swift in Sources */ = {isa = PBXBuildFile; fileRef = C7E4E3F126CEA54200C0CD2A /* AppDelegate.swift */; };
		C7E4E3F426CEA54200C0CD2A /* SceneDelegate.swift in Sources */ = {isa = PBXBuildFile; fileRef = C7E4E3F326CEA54200C0CD2A /* SceneDelegate.swift */; };
		C7E4E3F626CEA54200C0CD2A /* ContentView.swift in Sources */ = {isa = PBXBuildFile; fileRef = C7E4E3F526CEA54200C0CD2A /* ContentView.swift */; };
		C7E4E3F926CEA54200C0CD2A /* AddCollectionView.xcdatamodeld in Sources */ = {isa = PBXBuildFile; fileRef = C7E4E3F726CEA54200C0CD2A /* AddCollectionView.xcdatamodeld */; };
		C7E4E3FB26CEA54400C0CD2A /* Assets.xcassets in Resources */ = {isa = PBXBuildFile; fileRef = C7E4E3FA26CEA54400C0CD2A /* Assets.xcassets */; };
		C7E4E3FE26CEA54400C0CD2A /* Preview Assets.xcassets in Resources */ = {isa = PBXBuildFile; fileRef = C7E4E3FD26CEA54400C0CD2A /* Preview Assets.xcassets */; };
		C7E4E40126CEA54400C0CD2A /* LaunchScreen.storyboard in Resources */ = {isa = PBXBuildFile; fileRef = C7E4E3FF26CEA54400C0CD2A /* LaunchScreen.storyboard */; };
		C7E4E40B26CEA6B800C0CD2A /* TimeCodeCell.swift in Sources */ = {isa = PBXBuildFile; fileRef = C7E4E40A26CEA6B800C0CD2A /* TimeCodeCell.swift */; };
/* End PBXBuildFile section */

/* Begin PBXFileReference section */
		C7E4E3EE26CEA54100C0CD2A /* AddCollectionView.app */ = {isa = PBXFileReference; explicitFileType = wrapper.application; includeInIndex = 0; path = AddCollectionView.app; sourceTree = BUILT_PRODUCTS_DIR; };
		C7E4E3F126CEA54200C0CD2A /* AppDelegate.swift */ = {isa = PBXFileReference; lastKnownFileType = sourcecode.swift; path = AppDelegate.swift; sourceTree = "<group>"; };
		C7E4E3F326CEA54200C0CD2A /* SceneDelegate.swift */ = {isa = PBXFileReference; lastKnownFileType = sourcecode.swift; path = SceneDelegate.swift; sourceTree = "<group>"; };
		C7E4E3F526CEA54200C0CD2A /* ContentView.swift */ = {isa = PBXFileReference; lastKnownFileType = sourcecode.swift; path = ContentView.swift; sourceTree = "<group>"; };
		C7E4E3F826CEA54200C0CD2A /* AddCollectionView.xcdatamodel */ = {isa = PBXFileReference; lastKnownFileType = wrapper.xcdatamodel; path = AddCollectionView.xcdatamodel; sourceTree = "<group>"; };
		C7E4E3FA26CEA54400C0CD2A /* Assets.xcassets */ = {isa = PBXFileReference; lastKnownFileType = folder.assetcatalog; path = Assets.xcassets; sourceTree = "<group>"; };
		C7E4E3FD26CEA54400C0CD2A /* Preview Assets.xcassets */ = {isa = PBXFileReference; lastKnownFileType = folder.assetcatalog; path = "Preview Assets.xcassets"; sourceTree = "<group>"; };
		C7E4E40026CEA54400C0CD2A /* Base */ = {isa = PBXFileReference; lastKnownFileType = file.storyboard; name = Base; path = Base.lproj/LaunchScreen.storyboard; sourceTree = "<group>"; };
		C7E4E40226CEA54400C0CD2A /* Info.plist */ = {isa = PBXFileReference; lastKnownFileType = text.plist.xml; path = Info.plist; sourceTree = "<group>"; };
		C7E4E40A26CEA6B800C0CD2A /* TimeCodeCell.swift */ = {isa = PBXFileReference; lastKnownFileType = sourcecode.swift; path = TimeCodeCell.swift; sourceTree = "<group>"; };
/* End PBXFileReference section */

/* Begin PBXFrameworksBuildPhase section */
		C7E4E3EB26CEA54100C0CD2A /* Frameworks */ = {
			isa = PBXFrameworksBuildPhase;
			buildActionMask = 2147483647;
			files = (
			);
			runOnlyForDeploymentPostprocessing = 0;
		};
/* End PBXFrameworksBuildPhase section */

/* Begin PBXGroup section */
		C7E4E3E526CEA54100C0CD2A = {
			isa = PBXGroup;
			children = (
				C7E4E3F026CEA54100C0CD2A /* AddCollectionView */,
				C7E4E3EF26CEA54100C0CD2A /* Products */,
			);
			sourceTree = "<group>";
		};
		C7E4E3EF26CEA54100C0CD2A /* Products */ = {
			isa = PBXGroup;
			children = (
				C7E4E3EE26CEA54100C0CD2A /* AddCollectionView.app */,
			);
			name = Products;
			sourceTree = "<group>";
		};
		C7E4E3F026CEA54100C0CD2A /* AddCollectionView */ = {
			isa = PBXGroup;
			children = (
				C7E4E3F126CEA54200C0CD2A /* AppDelegate.swift */,
				C7E4E3F326CEA54200C0CD2A /* SceneDelegate.swift */,
				C7E4E3F526CEA54200C0CD2A /* ContentView.swift */,
				C7E4E40A26CEA6B800C0CD2A /* TimeCodeCell.swift */,
				C7E4E3FA26CEA54400C0CD2A /* Assets.xcassets */,
				C7E4E3FF26CEA54400C0CD2A /* LaunchScreen.storyboard */,
				C7E4E40226CEA54400C0CD2A /* Info.plist */,
				C7E4E3F726CEA54200C0CD2A /* AddCollectionView.xcdatamodeld */,
				C7E4E3FC26CEA54400C0CD2A /* Preview Content */,
			);
			path = AddCollectionView;
			sourceTree = "<group>";
		};
		C7E4E3FC26CEA54400C0CD2A /* Preview Content */ = {
			isa = PBXGroup;
			children = (
				C7E4E3FD26CEA54400C0CD2A /* Preview Assets.xcassets */,
			);
			path = "Preview Content";
			sourceTree = "<group>";
		};
/* End PBXGroup section */

/* Begin PBXNativeTarget section */
		C7E4E3ED26CEA54100C0CD2A /* AddCollectionView */ = {
			isa = PBXNativeTarget;
			buildConfigurationList = C7E4E40526CEA54400C0CD2A /* Build configuration list for PBXNativeTarget "AddCollectionView" */;
			buildPhases = (
				C7E4E3EA26CEA54100C0CD2A /* Sources */,
				C7E4E3EB26CEA54100C0CD2A /* Frameworks */,
				C7E4E3EC26CEA54100C0CD2A /* Resources */,
			);
			buildRules = (
			);
			dependencies = (
			);
			name = AddCollectionView;
			productName = AddCollectionView;
			productReference = C7E4E3EE26CEA54100C0CD2A /* AddCollectionView.app */;
			productType = "com.apple.product-type.application";
		};
/* End PBXNativeTarget section */

/* Begin PBXProject section */
		C7E4E3E626CEA54100C0CD2A /* Project object */ = {
			isa = PBXProject;
			attributes = {
				LastSwiftUpdateCheck = 1250;
				LastUpgradeCheck = 1250;
				TargetAttributes = {
					C7E4E3ED26CEA54100C0CD2A = {
						CreatedOnToolsVersion = 12.5;
					};
				};
			};
			buildConfigurationList = C7E4E3E926CEA54100C0CD2A /* Build configuration list for PBXProject "AddCollectionView" */;
			compatibilityVersion = "Xcode 9.3";
			developmentRegion = en;
			hasScannedForEncodings = 0;
			knownRegions = (
				en,
				Base,
			);
			mainGroup = C7E4E3E526CEA54100C0CD2A;
			productRefGroup = C7E4E3EF26CEA54100C0CD2A /* Products */;
			projectDirPath = "";
			projectRoot = "";
			targets = (
				C7E4E3ED26CEA54100C0CD2A /* AddCollectionView */,
			);
		};
/* End PBXProject section */

/* Begin PBXResourcesBuildPhase section */
		C7E4E3EC26CEA54100C0CD2A /* Resources */ = {
			isa = PBXResourcesBuildPhase;
			buildActionMask = 2147483647;
			files = (
				C7E4E40126CEA54400C0CD2A /* LaunchScreen.storyboard in Resources */,
				C7E4E3FE26CEA54400C0CD2A /* Preview Assets.xcassets in Resources */,
				C7E4E3FB26CEA54400C0CD2A /* Assets.xcassets in Resources */,
			);
			runOnlyForDeploymentPostprocessing = 0;
		};
/* End PBXResourcesBuildPhase section */

/* Begin PBXSourcesBuildPhase section */
		C7E4E3EA26CEA54100C0CD2A /* Sources */ = {
			isa = PBXSourcesBuildPhase;
			buildActionMask = 2147483647;
			files = (
				C7E4E3F226CEA54200C0CD2A /* AppDelegate.swift in Sources */,
				C7E4E3F426CEA54200C0CD2A /* SceneDelegate.swift in Sources */,
				C7E4E3F926CEA54200C0CD2A /* AddCollectionView.xcdatamodeld in Sources */,
				C7E4E40B26CEA6B800C0CD2A /* TimeCodeCell.swift in Sources */,
				C7E4E3F626CEA54200C0CD2A /* ContentView.swift in Sources */,
			);
			runOnlyForDeploymentPostprocessing = 0;
		};
/* End PBXSourcesBuildPhase section */

/* Begin PBXVariantGroup section */
		C7E4E3FF26CEA54400C0CD2A /* LaunchScreen.storyboard */ = {
			isa = PBXVariantGroup;
			children = (
				C7E4E40026CEA54400C0CD2A /* Base */,
			);
			name = LaunchScreen.storyboard;
			sourceTree = "<group>";
		};
/* End PBXVariantGroup section */

/* Begin XCBuildConfiguration section */
		C7E4E40326CEA54400C0CD2A /* Debug */ = {
			isa = XCBuildConfiguration;
			buildSettings = {
				ALWAYS_SEARCH_USER_PATHS = NO;
				CLANG_ANALYZER_NONNULL = YES;
				CLANG_ANALYZER_NUMBER_OBJECT_CONVERSION = YES_AGGRESSIVE;
				CLANG_CXX_LANGUAGE_STANDARD = "gnu++14";
				CLANG_CXX_LIBRARY = "libc++";
				CLANG_ENABLE_MODULES = YES;
				CLANG_ENABLE_OBJC_ARC = YES;
				CLANG_ENABLE_OBJC_WEAK = YES;
				CLANG_WARN_BLOCK_CAPTURE_AUTORELEASING = YES;
				CLANG_WARN_BOOL_CONVERSION = YES;
				CLANG_WARN_COMMA = YES;
				CLANG_WARN_CONSTANT_CONVERSION = YES;
				CLANG_WARN_DEPRECATED_OBJC_IMPLEMENTATIONS = YES;
				CLANG_WARN_DIRECT_OBJC_ISA_USAGE = YES_ERROR;
				CLANG_WARN_DOCUMENTATION_COMMENTS = YES;
				CLANG_WARN_EMPTY_BODY = YES;
				CLANG_WARN_ENUM_CONVERSION = YES;
				CLANG_WARN_INFINITE_RECURSION = YES;
				CLANG_WARN_INT_CONVERSION = YES;
				CLANG_WARN_NON_LITERAL_NULL_CONVERSION = YES;
				CLANG_WARN_OBJC_IMPLICIT_RETAIN_SELF = YES;
				CLANG_WARN_OBJC_LITERAL_CONVERSION = YES;
				CLANG_WARN_OBJC_ROOT_CLASS = YES_ERROR;
				CLANG_WARN_QUOTED_INCLUDE_IN_FRAMEWORK_HEADER = YES;
				CLANG_WARN_RANGE_LOOP_ANALYSIS = YES;
				CLANG_WARN_STRICT_PROTOTYPES = YES;
				CLANG_WARN_SUSPICIOUS_MOVE = YES;
				CLANG_WARN_UNGUARDED_AVAILABILITY = YES_AGGRESSIVE;
				CLANG_WARN_UNREACHABLE_CODE = YES;
				CLANG_WARN__DUPLICATE_METHOD_MATCH = YES;
				COPY_PHASE_STRIP = NO;
				DEBUG_INFORMATION_FORMAT = dwarf;
				ENABLE_STRICT_OBJC_MSGSEND = YES;
				ENABLE_TESTABILITY = YES;
				GCC_C_LANGUAGE_STANDARD = gnu11;
				GCC_DYNAMIC_NO_PIC = NO;
				GCC_NO_COMMON_BLOCKS = YES;
				GCC_OPTIMIZATION_LEVEL = 0;
				GCC_PREPROCESSOR_DEFINITIONS = (
					"DEBUG=1",
					"$(inherited)",
				);
				GCC_WARN_64_TO_32_BIT_CONVERSION = YES;
				GCC_WARN_ABOUT_RETURN_TYPE = YES_ERROR;
				GCC_WARN_UNDECLARED_SELECTOR = YES;
				GCC_WARN_UNINITIALIZED_AUTOS = YES_AGGRESSIVE;
				GCC_WARN_UNUSED_FUNCTION = YES;
				GCC_WARN_UNUSED_VARIABLE = YES;
				IPHONEOS_DEPLOYMENT_TARGET = 14.5;
				MTL_ENABLE_DEBUG_INFO = INCLUDE_SOURCE;
				MTL_FAST_MATH = YES;
				ONLY_ACTIVE_ARCH = YES;
				SDKROOT = iphoneos;
				SWIFT_ACTIVE_COMPILATION_CONDITIONS = DEBUG;
				SWIFT_OPTIMIZATION_LEVEL = "-Onone";
			};
			name = Debug;
		};
		C7E4E40426CEA54400C0CD2A /* Release */ = {
			isa = XCBuildConfiguration;
			buildSettings = {
				ALWAYS_SEARCH_USER_PATHS = NO;
				CLANG_ANALYZER_NONNULL = YES;
				CLANG_ANALYZER_NUMBER_OBJECT_CONVERSION = YES_AGGRESSIVE;
				CLANG_CXX_LANGUAGE_STANDARD = "gnu++14";
				CLANG_CXX_LIBRARY = "libc++";
				CLANG_ENABLE_MODULES = YES;
				CLANG_ENABLE_OBJC_ARC = YES;
				CLANG_ENABLE_OBJC_WEAK = YES;
				CLANG_WARN_BLOCK_CAPTURE_AUTORELEASING = YES;
				CLANG_WARN_BOOL_CONVERSION = YES;
				CLANG_WARN_COMMA = YES;
				CLANG_WARN_CONSTANT_CONVERSION = YES;
				CLANG_WARN_DEPRECATED_OBJC_IMPLEMENTATIONS = YES;
				CLANG_WARN_DIRECT_OBJC_ISA_USAGE = YES_ERROR;
				CLANG_WARN_DOCUMENTATION_COMMENTS = YES;
				CLANG_WARN_EMPTY_BODY = YES;
				CLANG_WARN_ENUM_CONVERSION = YES;
				CLANG_WARN_INFINITE_RECURSION = YES;
				CLANG_WARN_INT_CONVERSION = YES;
				CLANG_WARN_NON_LITERAL_NULL_CONVERSION = YES;
				CLANG_WARN_OBJC_IMPLICIT_RETAIN_SELF = YES;
				CLANG_WARN_OBJC_LITERAL_CONVERSION = YES;
				CLANG_WARN_OBJC_ROOT_CLASS = YES_ERROR;
				CLANG_WARN_QUOTED_INCLUDE_IN_FRAMEWORK_HEADER = YES;
				CLANG_WARN_RANGE_LOOP_ANALYSIS = YES;
				CLANG_WARN_STRICT_PROTOTYPES = YES;
				CLANG_WARN_SUSPICIOUS_MOVE = YES;
				CLANG_WARN_UNGUARDED_AVAILABILITY = YES_AGGRESSIVE;
				CLANG_WARN_UNREACHABLE_CODE = YES;
				CLANG_WARN__DUPLICATE_METHOD_MATCH = YES;
				COPY_PHASE_STRIP = NO;
				DEBUG_INFORMATION_FORMAT = "dwarf-with-dsym";
				ENABLE_NS_ASSERTIONS = NO;
				ENABLE_STRICT_OBJC_MSGSEND = YES;
				GCC_C_LANGUAGE_STANDARD = gnu11;
				GCC_NO_COMMON_BLOCKS = YES;
				GCC_WARN_64_TO_32_BIT_CONVERSION = YES;
				GCC_WARN_ABOUT_RETURN_TYPE = YES_ERROR;
				GCC_WARN_UNDECLARED_SELECTOR = YES;
				GCC_WARN_UNINITIALIZED_AUTOS = YES_AGGRESSIVE;
				GCC_WARN_UNUSED_FUNCTION = YES;
				GCC_WARN_UNUSED_VARIABLE = YES;
				IPHONEOS_DEPLOYMENT_TARGET = 14.5;
				MTL_ENABLE_DEBUG_INFO = NO;
				MTL_FAST_MATH = YES;
				SDKROOT = iphoneos;
				SWIFT_COMPILATION_MODE = wholemodule;
				SWIFT_OPTIMIZATION_LEVEL = "-O";
				VALIDATE_PRODUCT = YES;
			};
			name = Release;
		};
		C7E4E40626CEA54400C0CD2A /* Debug */ = {
			isa = XCBuildConfiguration;
			buildSettings = {
				ASSETCATALOG_COMPILER_APPICON_NAME = AppIcon;
				ASSETCATALOG_COMPILER_GLOBAL_ACCENT_COLOR_NAME = AccentColor;
				CODE_SIGN_STYLE = Automatic;
				DEVELOPMENT_ASSET_PATHS = "\"AddCollectionView/Preview Content\"";
				ENABLE_PREVIEWS = YES;
				INFOPLIST_FILE = AddCollectionView/Info.plist;
				LD_RUNPATH_SEARCH_PATHS = (
					"$(inherited)",
					"@executable_path/Frameworks",
				);
				PRODUCT_BUNDLE_IDENTIFIER = edu.self.AddCollectionView;
				PRODUCT_NAME = "$(TARGET_NAME)";
				SWIFT_VERSION = 5.0;
				TARGETED_DEVICE_FAMILY = "1,2";
			};
			name = Debug;
		};
		C7E4E40726CEA54400C0CD2A /* Release */ = {
			isa = XCBuildConfiguration;
			buildSettings = {
				ASSETCATALOG_COMPILER_APPICON_NAME = AppIcon;
				ASSETCATALOG_COMPILER_GLOBAL_ACCENT_COLOR_NAME = AccentColor;
				CODE_SIGN_STYLE = Automatic;
				DEVELOPMENT_ASSET_PATHS = "\"AddCollectionView/Preview Content\"";
				ENABLE_PREVIEWS = YES;
				INFOPLIST_FILE = AddCollectionView/Info.plist;
				LD_RUNPATH_SEARCH_PATHS = (
					"$(inherited)",
					"@executable_path/Frameworks",
				);
				PRODUCT_BUNDLE_IDENTIFIER = edu.self.AddCollectionView;
				PRODUCT_NAME = "$(TARGET_NAME)";
				SWIFT_VERSION = 5.0;
				TARGETED_DEVICE_FAMILY = "1,2";
			};
			name = Release;
		};
/* End XCBuildConfiguration section */

/* Begin XCConfigurationList section */
		C7E4E3E926CEA54100C0CD2A /* Build configuration list for PBXProject "AddCollectionView" */ = {
			isa = XCConfigurationList;
			buildConfigurations = (
				C7E4E40326CEA54400C0CD2A /* Debug */,
				C7E4E40426CEA54400C0CD2A /* Release */,
			);
			defaultConfigurationIsVisible = 0;
			defaultConfigurationName = Release;
		};
		C7E4E40526CEA54400C0CD2A /* Build configuration list for PBXNativeTarget "AddCollectionView" */ = {
			isa = XCConfigurationList;
			buildConfigurations = (
				C7E4E40626CEA54400C0CD2A /* Debug */,
				C7E4E40726CEA54400C0CD2A /* Release */,
			);
			defaultConfigurationIsVisible = 0;
			defaultConfigurationName = Release;
		};
/* End XCConfigurationList section */

/* Begin XCVersionGroup section */
		C7E4E3F726CEA54200C0CD2A /* AddCollectionView.xcdatamodeld */ = {
			isa = XCVersionGroup;
			children = (
				C7E4E3F826CEA54200C0CD2A /* AddCollectionView.xcdatamodel */,
			);
			currentVersion = C7E4E3F826CEA54200C0CD2A /* AddCollectionView.xcdatamodel */;
			path = AddCollectionView.xcdatamodeld;
			sourceTree = "<group>";
			versionGroupType = wrapper.xcdatamodel;
		};
/* End XCVersionGroup section */
	};
	rootObject = C7E4E3E626CEA54100C0CD2A /* Project object */;
}
